
Microsoft Visual Studio Solution File, Format Version 12.00
# Visual Studio Version 17
VisualStudioVersion = 17.11.35312.102
MinimumVisualStudioVersion = 10.0.40219.1
Project("{FAE04EC0-301F-11D3-BF4B-00C04F79EFBC}") = "InginerCalkylator", "InginerCalkylator\InginerCalkylator.csproj", "{C3C51D77-4D70-42C0-A6C3-44B51D03F8B5}"
EndProject
Global
	GlobalSection(SolutionConfigurationPlatforms) = preSolution
		Debug|Any CPU = Debug|Any CPU
		Release|Any CPU = Release|Any CPU
	EndGlobalSection
	GlobalSection(ProjectConfigurationPlatforms) = postSolution
		{C3C51D77-4D70-42C0-A6C3-44B51D03F8B5}.Debug|Any CPU.ActiveCfg = Debug|Any CPU
		{C3C51D77-4D70-42C0-A6C3-44B51D03F8B5}.Debug|Any CPU.Build.0 = Debug|Any CPU
		{C3C51D77-4D70-42C0-A6C3-44B51D03F8B5}.Release|Any CPU.ActiveCfg = Release|Any CPU
		{C3C51D77-4D70-42C0-A6C3-44B51D03F8B5}.Release|Any CPU.Build.0 = Release|Any CPU
	EndGlobalSection
	GlobalSection(SolutionProperties) = preSolution
		HideSolutionNode = FALSE
	EndGlobalSection
	GlobalSection(ExtensibilityGlobals) = postSolution
		SolutionGuid = {6A649FD9-679A-48D3-8A6A-CA2C29AA9335}
	EndGlobalSection
EndGlobal
